// !$*UTF8*$!
{
	archiveVersion = 1;
	classes = {
	};
	objectVersion = 56;
	objects = {

/* Begin PBXBuildFile section */
		97086BF1293257B800E03D63 /* FruitDatabase.xcdatamodeld in Sources */ = {isa = PBXBuildFile; fileRef = 97086BEF293257B800E03D63 /* FruitDatabase.xcdatamodeld */; };
		97110E2329311AF7007BD6D5 /* DataController.swift in Sources */ = {isa = PBXBuildFile; fileRef = 97110E2229311AF7007BD6D5 /* DataController.swift */; };
		97110E2829324432007BD6D5 /* EatFruitView.swift in Sources */ = {isa = PBXBuildFile; fileRef = 97110E2729324432007BD6D5 /* EatFruitView.swift */; };
		979AFA3A292CFBEB00FA664F /* MainView.swift in Sources */ = {isa = PBXBuildFile; fileRef = 979AFA39292CFBEB00FA664F /* MainView.swift */; };
		979AFA3C292CFE4600FA664F /* ListGroupsView.swift in Sources */ = {isa = PBXBuildFile; fileRef = 979AFA3B292CFE4600FA664F /* ListGroupsView.swift */; };
		979AFA3E292CFE4E00FA664F /* LogView.swift in Sources */ = {isa = PBXBuildFile; fileRef = 979AFA3D292CFE4E00FA664F /* LogView.swift */; };
		979AFA40292E2FF700FA664F /* ListGroupView.swift in Sources */ = {isa = PBXBuildFile; fileRef = 979AFA3F292E2FF700FA664F /* ListGroupView.swift */; };
		979AFA42292E345C00FA664F /* GroupSegmentView.swift in Sources */ = {isa = PBXBuildFile; fileRef = 979AFA41292E345C00FA664F /* GroupSegmentView.swift */; };
		97CB2AE3292B825500CEE17C /* PG5601App.swift in Sources */ = {isa = PBXBuildFile; fileRef = 97CB2AE2292B825500CEE17C /* PG5601App.swift */; };
		97CB2AE7292B825600CEE17C /* Assets.xcassets in Resources */ = {isa = PBXBuildFile; fileRef = 97CB2AE6292B825600CEE17C /* Assets.xcassets */; };
		97CB2AEA292B825600CEE17C /* Preview Assets.xcassets in Resources */ = {isa = PBXBuildFile; fileRef = 97CB2AE9292B825600CEE17C /* Preview Assets.xcassets */; };
		97CB2AF3292B83FB00CEE17C /* DataModel.swift in Sources */ = {isa = PBXBuildFile; fileRef = 97CB2AF2292B83FB00CEE17C /* DataModel.swift */; };
		97CB2AF5292B861800CEE17C /* ListAllView.swift in Sources */ = {isa = PBXBuildFile; fileRef = 97CB2AF4292B861800CEE17C /* ListAllView.swift */; };
		97CB2AF7292B86CB00CEE17C /* FruitView.swift in Sources */ = {isa = PBXBuildFile; fileRef = 97CB2AF6292B86CB00CEE17C /* FruitView.swift */; };
		97CB2AF9292B966500CEE17C /* FruitDetailView.swift in Sources */ = {isa = PBXBuildFile; fileRef = 97CB2AF8292B966500CEE17C /* FruitDetailView.swift */; };
/* End PBXBuildFile section */

/* Begin PBXFileReference section */
		97086BF0293257B800E03D63 /* FruitDatabase.xcdatamodel */ = {isa = PBXFileReference; lastKnownFileType = wrapper.xcdatamodel; path = FruitDatabase.xcdatamodel; sourceTree = "<group>"; };
		97110E2229311AF7007BD6D5 /* DataController.swift */ = {isa = PBXFileReference; lastKnownFileType = sourcecode.swift; path = DataController.swift; sourceTree = "<group>"; };
		97110E2729324432007BD6D5 /* EatFruitView.swift */ = {isa = PBXFileReference; lastKnownFileType = sourcecode.swift; path = EatFruitView.swift; sourceTree = "<group>"; };
		974C133A29342B6A00AF6CF0 /* README.md */ = {isa = PBXFileReference; lastKnownFileType = net.daringfireball.markdown; path = README.md; sourceTree = "<group>"; };
		979AFA39292CFBEB00FA664F /* MainView.swift */ = {isa = PBXFileReference; lastKnownFileType = sourcecode.swift; path = MainView.swift; sourceTree = "<group>"; };
		979AFA3B292CFE4600FA664F /* ListGroupsView.swift */ = {isa = PBXFileReference; lastKnownFileType = sourcecode.swift; path = ListGroupsView.swift; sourceTree = "<group>"; };
		979AFA3D292CFE4E00FA664F /* LogView.swift */ = {isa = PBXFileReference; lastKnownFileType = sourcecode.swift; path = LogView.swift; sourceTree = "<group>"; };
		979AFA3F292E2FF700FA664F /* ListGroupView.swift */ = {isa = PBXFileReference; lastKnownFileType = sourcecode.swift; path = ListGroupView.swift; sourceTree = "<group>"; };
		979AFA41292E345C00FA664F /* GroupSegmentView.swift */ = {isa = PBXFileReference; lastKnownFileType = sourcecode.swift; path = GroupSegmentView.swift; sourceTree = "<group>"; };
		97CB2ADF292B825500CEE17C /* PG5601.app */ = {isa = PBXFileReference; explicitFileType = wrapper.application; includeInIndex = 0; path = PG5601.app; sourceTree = BUILT_PRODUCTS_DIR; };
		97CB2AE2292B825500CEE17C /* PG5601App.swift */ = {isa = PBXFileReference; lastKnownFileType = sourcecode.swift; path = PG5601App.swift; sourceTree = "<group>"; };
		97CB2AE6292B825600CEE17C /* Assets.xcassets */ = {isa = PBXFileReference; lastKnownFileType = folder.assetcatalog; path = Assets.xcassets; sourceTree = "<group>"; };
		97CB2AE9292B825600CEE17C /* Preview Assets.xcassets */ = {isa = PBXFileReference; lastKnownFileType = folder.assetcatalog; path = "Preview Assets.xcassets"; sourceTree = "<group>"; };
		97CB2AF2292B83FB00CEE17C /* DataModel.swift */ = {isa = PBXFileReference; lastKnownFileType = sourcecode.swift; path = DataModel.swift; sourceTree = "<group>"; };
		97CB2AF4292B861800CEE17C /* ListAllView.swift */ = {isa = PBXFileReference; lastKnownFileType = sourcecode.swift; path = ListAllView.swift; sourceTree = "<group>"; };
		97CB2AF6292B86CB00CEE17C /* FruitView.swift */ = {isa = PBXFileReference; lastKnownFileType = sourcecode.swift; path = FruitView.swift; sourceTree = "<group>"; };
		97CB2AF8292B966500CEE17C /* FruitDetailView.swift */ = {isa = PBXFileReference; lastKnownFileType = sourcecode.swift; path = FruitDetailView.swift; sourceTree = "<group>"; };
/* End PBXFileReference section */

/* Begin PBXFrameworksBuildPhase section */
		97CB2ADC292B825500CEE17C /* Frameworks */ = {
			isa = PBXFrameworksBuildPhase;
			buildActionMask = 2147483647;
			files = (
			);
			runOnlyForDeploymentPostprocessing = 0;
		};
/* End PBXFrameworksBuildPhase section */

/* Begin PBXGroup section */
		979AFA47292E406600FA664F /* GroupViews */ = {
			isa = PBXGroup;
			children = (
				979AFA41292E345C00FA664F /* GroupSegmentView.swift */,
				979AFA3B292CFE4600FA664F /* ListGroupsView.swift */,
				979AFA3F292E2FF700FA664F /* ListGroupView.swift */,
			);
			path = GroupViews;
			sourceTree = "<group>";
		};
		97CB2AD6292B825500CEE17C = {
			isa = PBXGroup;
			children = (
				97CB2AE1292B825500CEE17C /* PG5601 */,
				97CB2AE0292B825500CEE17C /* Products */,
			);
			sourceTree = "<group>";
		};
		97CB2AE0292B825500CEE17C /* Products */ = {
			isa = PBXGroup;
			children = (
				97CB2ADF292B825500CEE17C /* PG5601.app */,
			);
			name = Products;
			sourceTree = "<group>";
		};
		97CB2AE1292B825500CEE17C /* PG5601 */ = {
			isa = PBXGroup;
			children = (
				97CB2AF1292B82DD00CEE17C /* Views */,
				97CB2AF0292B82D400CEE17C /* Data */,
				97CB2AE2292B825500CEE17C /* PG5601App.swift */,
				97CB2AE6292B825600CEE17C /* Assets.xcassets */,
				97CB2AE8292B825600CEE17C /* Preview Content */,
				974C133A29342B6A00AF6CF0 /* README.md */,
			);
			path = PG5601;
			sourceTree = "<group>";
		};
		97CB2AE8292B825600CEE17C /* Preview Content */ = {
			isa = PBXGroup;
			children = (
				97CB2AE9292B825600CEE17C /* Preview Assets.xcassets */,
			);
			path = "Preview Content";
			sourceTree = "<group>";
		};
		97CB2AF0292B82D400CEE17C /* Data */ = {
			isa = PBXGroup;
			children = (
				97CB2AF2292B83FB00CEE17C /* DataModel.swift */,
				97110E2229311AF7007BD6D5 /* DataController.swift */,
				97086BEF293257B800E03D63 /* FruitDatabase.xcdatamodeld */,
			);
			path = Data;
			sourceTree = "<group>";
		};
		97CB2AF1292B82DD00CEE17C /* Views */ = {
			isa = PBXGroup;
			children = (
				97CB2AF4292B861800CEE17C /* ListAllView.swift */,
				979AFA47292E406600FA664F /* GroupViews */,
				97CB2AF6292B86CB00CEE17C /* FruitView.swift */,
				97CB2AF8292B966500CEE17C /* FruitDetailView.swift */,
				97110E2729324432007BD6D5 /* EatFruitView.swift */,
				979AFA39292CFBEB00FA664F /* MainView.swift */,
				979AFA3D292CFE4E00FA664F /* LogView.swift */,
			);
			path = Views;
			sourceTree = "<group>";
		};
/* End PBXGroup section */

/* Begin PBXNativeTarget section */
		97CB2ADE292B825500CEE17C /* PG5601 */ = {
			isa = PBXNativeTarget;
			buildConfigurationList = 97CB2AED292B825600CEE17C /* Build configuration list for PBXNativeTarget "PG5601" */;
			buildPhases = (
				97CB2ADB292B825500CEE17C /* Sources */,
				97CB2ADC292B825500CEE17C /* Frameworks */,
				97CB2ADD292B825500CEE17C /* Resources */,
			);
			buildRules = (
			);
			dependencies = (
			);
			name = PG5601;
			productName = PG5601;
			productReference = 97CB2ADF292B825500CEE17C /* PG5601.app */;
			productType = "com.apple.product-type.application";
		};
/* End PBXNativeTarget section */

/* Begin PBXProject section */
		97CB2AD7292B825500CEE17C /* Project object */ = {
			isa = PBXProject;
			attributes = {
				BuildIndependentTargetsInParallel = 1;
				LastSwiftUpdateCheck = 1410;
				LastUpgradeCheck = 1410;
				TargetAttributes = {
					97CB2ADE292B825500CEE17C = {
						CreatedOnToolsVersion = 14.1;
					};
				};
			};
			buildConfigurationList = 97CB2ADA292B825500CEE17C /* Build configuration list for PBXProject "PG5601" */;
			compatibilityVersion = "Xcode 14.0";
			developmentRegion = en;
			hasScannedForEncodings = 0;
			knownRegions = (
				en,
				Base,
			);
			mainGroup = 97CB2AD6292B825500CEE17C;
			productRefGroup = 97CB2AE0292B825500CEE17C /* Products */;
			projectDirPath = "";
			projectRoot = "";
			targets = (
				97CB2ADE292B825500CEE17C /* PG5601 */,
			);
		};
/* End PBXProject section */

/* Begin PBXResourcesBuildPhase section */
		97CB2ADD292B825500CEE17C /* Resources */ = {
			isa = PBXResourcesBuildPhase;
			buildActionMask = 2147483647;
			files = (
				97CB2AEA292B825600CEE17C /* Preview Assets.xcassets in Resources */,
				97CB2AE7292B825600CEE17C /* Assets.xcassets in Resources */,
			);
			runOnlyForDeploymentPostprocessing = 0;
		};
/* End PBXResourcesBuildPhase section */

/* Begin PBXSourcesBuildPhase section */
		97CB2ADB292B825500CEE17C /* Sources */ = {
			isa = PBXSourcesBuildPhase;
			buildActionMask = 2147483647;
			files = (
				97086BF1293257B800E03D63 /* FruitDatabase.xcdatamodeld in Sources */,
				979AFA3A292CFBEB00FA664F /* MainView.swift in Sources */,
				97110E2329311AF7007BD6D5 /* DataController.swift in Sources */,
				979AFA3C292CFE4600FA664F /* ListGroupsView.swift in Sources */,
				97CB2AE3292B825500CEE17C /* PG5601App.swift in Sources */,
				97CB2AF5292B861800CEE17C /* ListAllView.swift in Sources */,
				97CB2AF7292B86CB00CEE17C /* FruitView.swift in Sources */,
				97CB2AF9292B966500CEE17C /* FruitDetailView.swift in Sources */,
				97110E2829324432007BD6D5 /* EatFruitView.swift in Sources */,
				979AFA3E292CFE4E00FA664F /* LogView.swift in Sources */,
				979AFA40292E2FF700FA664F /* ListGroupView.swift in Sources */,
				979AFA42292E345C00FA664F /* GroupSegmentView.swift in Sources */,
				97CB2AF3292B83FB00CEE17C /* DataModel.swift in Sources */,
			);
			runOnlyForDeploymentPostprocessing = 0;
		};
/* End PBXSourcesBuildPhase section */

/* Begin XCBuildConfiguration section */
		97CB2AEB292B825600CEE17C /* Debug */ = {
			isa = XCBuildConfiguration;
			buildSettings = {
				ALWAYS_SEARCH_USER_PATHS = NO;
				CLANG_ANALYZER_NONNULL = YES;
				CLANG_ANALYZER_NUMBER_OBJECT_CONVERSION = YES_AGGRESSIVE;
				CLANG_CXX_LANGUAGE_STANDARD = "gnu++20";
				CLANG_ENABLE_MODULES = YES;
				CLANG_ENABLE_OBJC_ARC = YES;
				CLANG_ENABLE_OBJC_WEAK = YES;
				CLANG_WARN_BLOCK_CAPTURE_AUTORELEASING = YES;
				CLANG_WARN_BOOL_CONVERSION = YES;
				CLANG_WARN_COMMA = YES;
				CLANG_WARN_CONSTANT_CONVERSION = YES;
				CLANG_WARN_DEPRECATED_OBJC_IMPLEMENTATIONS = YES;
				CLANG_WARN_DIRECT_OBJC_ISA_USAGE = YES_ERROR;
				CLANG_WARN_DOCUMENTATION_COMMENTS = YES;
				CLANG_WARN_EMPTY_BODY = YES;
				CLANG_WARN_ENUM_CONVERSION = YES;
				CLANG_WARN_INFINITE_RECURSION = YES;
				CLANG_WARN_INT_CONVERSION = YES;
				CLANG_WARN_NON_LITERAL_NULL_CONVERSION = YES;
				CLANG_WARN_OBJC_IMPLICIT_RETAIN_SELF = YES;
				CLANG_WARN_OBJC_LITERAL_CONVERSION = YES;
				CLANG_WARN_OBJC_ROOT_CLASS = YES_ERROR;
				CLANG_WARN_QUOTED_INCLUDE_IN_FRAMEWORK_HEADER = YES;
				CLANG_WARN_RANGE_LOOP_ANALYSIS = YES;
				CLANG_WARN_STRICT_PROTOTYPES = YES;
				CLANG_WARN_SUSPICIOUS_MOVE = YES;
				CLANG_WARN_UNGUARDED_AVAILABILITY = YES_AGGRESSIVE;
				CLANG_WARN_UNREACHABLE_CODE = YES;
				CLANG_WARN__DUPLICATE_METHOD_MATCH = YES;
				COPY_PHASE_STRIP = NO;
				DEBUG_INFORMATION_FORMAT = dwarf;
				ENABLE_STRICT_OBJC_MSGSEND = YES;
				ENABLE_TESTABILITY = YES;
				GCC_C_LANGUAGE_STANDARD = gnu11;
				GCC_DYNAMIC_NO_PIC = NO;
				GCC_NO_COMMON_BLOCKS = YES;
				GCC_OPTIMIZATION_LEVEL = 0;
				GCC_PREPROCESSOR_DEFINITIONS = (
					"DEBUG=1",
					"$(inherited)",
				);
				GCC_WARN_64_TO_32_BIT_CONVERSION = YES;
				GCC_WARN_ABOUT_RETURN_TYPE = YES_ERROR;
				GCC_WARN_UNDECLARED_SELECTOR = YES;
				GCC_WARN_UNINITIALIZED_AUTOS = YES_AGGRESSIVE;
				GCC_WARN_UNUSED_FUNCTION = YES;
				GCC_WARN_UNUSED_VARIABLE = YES;
				IPHONEOS_DEPLOYMENT_TARGET = 16.1;
				MTL_ENABLE_DEBUG_INFO = INCLUDE_SOURCE;
				MTL_FAST_MATH = YES;
				ONLY_ACTIVE_ARCH = YES;
				SDKROOT = iphoneos;
				SWIFT_ACTIVE_COMPILATION_CONDITIONS = DEBUG;
				SWIFT_OPTIMIZATION_LEVEL = "-Onone";
			};
			name = Debug;
		};
		97CB2AEC292B825600CEE17C /* Release */ = {
			isa = XCBuildConfiguration;
			buildSettings = {
				ALWAYS_SEARCH_USER_PATHS = NO;
				CLANG_ANALYZER_NONNULL = YES;
				CLANG_ANALYZER_NUMBER_OBJECT_CONVERSION = YES_AGGRESSIVE;
				CLANG_CXX_LANGUAGE_STANDARD = "gnu++20";
				CLANG_ENABLE_MODULES = YES;
				CLANG_ENABLE_OBJC_ARC = YES;
				CLANG_ENABLE_OBJC_WEAK = YES;
				CLANG_WARN_BLOCK_CAPTURE_AUTORELEASING = YES;
				CLANG_WARN_BOOL_CONVERSION = YES;
				CLANG_WARN_COMMA = YES;
				CLANG_WARN_CONSTANT_CONVERSION = YES;
				CLANG_WARN_DEPRECATED_OBJC_IMPLEMENTATIONS = YES;
				CLANG_WARN_DIRECT_OBJC_ISA_USAGE = YES_ERROR;
				CLANG_WARN_DOCUMENTATION_COMMENTS = YES;
				CLANG_WARN_EMPTY_BODY = YES;
				CLANG_WARN_ENUM_CONVERSION = YES;
				CLANG_WARN_INFINITE_RECURSION = YES;
				CLANG_WARN_INT_CONVERSION = YES;
				CLANG_WARN_NON_LITERAL_NULL_CONVERSION = YES;
				CLANG_WARN_OBJC_IMPLICIT_RETAIN_SELF = YES;
				CLANG_WARN_OBJC_LITERAL_CONVERSION = YES;
				CLANG_WARN_OBJC_ROOT_CLASS = YES_ERROR;
				CLANG_WARN_QUOTED_INCLUDE_IN_FRAMEWORK_HEADER = YES;
				CLANG_WARN_RANGE_LOOP_ANALYSIS = YES;
				CLANG_WARN_STRICT_PROTOTYPES = YES;
				CLANG_WARN_SUSPICIOUS_MOVE = YES;
				CLANG_WARN_UNGUARDED_AVAILABILITY = YES_AGGRESSIVE;
				CLANG_WARN_UNREACHABLE_CODE = YES;
				CLANG_WARN__DUPLICATE_METHOD_MATCH = YES;
				COPY_PHASE_STRIP = NO;
				DEBUG_INFORMATION_FORMAT = "dwarf-with-dsym";
				ENABLE_NS_ASSERTIONS = NO;
				ENABLE_STRICT_OBJC_MSGSEND = YES;
				GCC_C_LANGUAGE_STANDARD = gnu11;
				GCC_NO_COMMON_BLOCKS = YES;
				GCC_WARN_64_TO_32_BIT_CONVERSION = YES;
				GCC_WARN_ABOUT_RETURN_TYPE = YES_ERROR;
				GCC_WARN_UNDECLARED_SELECTOR = YES;
				GCC_WARN_UNINITIALIZED_AUTOS = YES_AGGRESSIVE;
				GCC_WARN_UNUSED_FUNCTION = YES;
				GCC_WARN_UNUSED_VARIABLE = YES;
				IPHONEOS_DEPLOYMENT_TARGET = 16.1;
				MTL_ENABLE_DEBUG_INFO = NO;
				MTL_FAST_MATH = YES;
				SDKROOT = iphoneos;
				SWIFT_COMPILATION_MODE = wholemodule;
				SWIFT_OPTIMIZATION_LEVEL = "-O";
				VALIDATE_PRODUCT = YES;
			};
			name = Release;
		};
		97CB2AEE292B825600CEE17C /* Debug */ = {
			isa = XCBuildConfiguration;
			buildSettings = {
				ASSETCATALOG_COMPILER_APPICON_NAME = AppIcon;
				ASSETCATALOG_COMPILER_GLOBAL_ACCENT_COLOR_NAME = AccentColor;
				CODE_SIGN_STYLE = Automatic;
				CURRENT_PROJECT_VERSION = 1;
				DEVELOPMENT_ASSET_PATHS = "\"PG5601/Preview Content\"";
				DEVELOPMENT_TEAM = 3HF93RNA35;
				ENABLE_PREVIEWS = YES;
				GENERATE_INFOPLIST_FILE = YES;
				INFOPLIST_KEY_UIApplicationSceneManifest_Generation = YES;
				INFOPLIST_KEY_UIApplicationSupportsIndirectInputEvents = YES;
				INFOPLIST_KEY_UILaunchScreen_Generation = YES;
				INFOPLIST_KEY_UISupportedInterfaceOrientations_iPad = "UIInterfaceOrientationPortrait UIInterfaceOrientationPortraitUpsideDown UIInterfaceOrientationLandscapeLeft UIInterfaceOrientationLandscapeRight";
				INFOPLIST_KEY_UISupportedInterfaceOrientations_iPhone = "UIInterfaceOrientationPortrait UIInterfaceOrientationLandscapeLeft UIInterfaceOrientationLandscapeRight";
				LD_RUNPATH_SEARCH_PATHS = (
					"$(inherited)",
					"@executable_path/Frameworks",
				);
				MARKETING_VERSION = 1.0;
				PRODUCT_BUNDLE_IDENTIFIER = no.kristiania.PG5601;
				PRODUCT_NAME = "$(TARGET_NAME)";
				SWIFT_EMIT_LOC_STRINGS = YES;
				SWIFT_VERSION = 5.0;
				TARGETED_DEVICE_FAMILY = "1,2";
			};
			name = Debug;
		};
		97CB2AEF292B825600CEE17C /* Release */ = {
			isa = XCBuildConfiguration;
			buildSettings = {
				ASSETCATALOG_COMPILER_APPICON_NAME = AppIcon;
				ASSETCATALOG_COMPILER_GLOBAL_ACCENT_COLOR_NAME = AccentColor;
				CODE_SIGN_STYLE = Automatic;
				CURRENT_PROJECT_VERSION = 1;
				DEVELOPMENT_ASSET_PATHS = "\"PG5601/Preview Content\"";
				DEVELOPMENT_TEAM = 3HF93RNA35;
				ENABLE_PREVIEWS = YES;
				GENERATE_INFOPLIST_FILE = YES;
				INFOPLIST_KEY_UIApplicationSceneManifest_Generation = YES;
				INFOPLIST_KEY_UIApplicationSupportsIndirectInputEvents = YES;
				INFOPLIST_KEY_UILaunchScreen_Generation = YES;
				INFOPLIST_KEY_UISupportedInterfaceOrientations_iPad = "UIInterfaceOrientationPortrait UIInterfaceOrientationPortraitUpsideDown UIInterfaceOrientationLandscapeLeft UIInterfaceOrientationLandscapeRight";
				INFOPLIST_KEY_UISupportedInterfaceOrientations_iPhone = "UIInterfaceOrientationPortrait UIInterfaceOrientationLandscapeLeft UIInterfaceOrientationLandscapeRight";
				LD_RUNPATH_SEARCH_PATHS = (
					"$(inherited)",
					"@executable_path/Frameworks",
				);
				MARKETING_VERSION = 1.0;
				PRODUCT_BUNDLE_IDENTIFIER = no.kristiania.PG5601;
				PRODUCT_NAME = "$(TARGET_NAME)";
				SWIFT_EMIT_LOC_STRINGS = YES;
				SWIFT_VERSION = 5.0;
				TARGETED_DEVICE_FAMILY = "1,2";
			};
			name = Release;
		};
/* End XCBuildConfiguration section */

/* Begin XCConfigurationList section */
		97CB2ADA292B825500CEE17C /* Build configuration list for PBXProject "PG5601" */ = {
			isa = XCConfigurationList;
			buildConfigurations = (
				97CB2AEB292B825600CEE17C /* Debug */,
				97CB2AEC292B825600CEE17C /* Release */,
			);
			defaultConfigurationIsVisible = 0;
			defaultConfigurationName = Release;
		};
		97CB2AED292B825600CEE17C /* Build configuration list for PBXNativeTarget "PG5601" */ = {
			isa = XCConfigurationList;
			buildConfigurations = (
				97CB2AEE292B825600CEE17C /* Debug */,
				97CB2AEF292B825600CEE17C /* Release */,
			);
			defaultConfigurationIsVisible = 0;
			defaultConfigurationName = Release;
		};
/* End XCConfigurationList section */

/* Begin XCVersionGroup section */
		97086BEF293257B800E03D63 /* FruitDatabase.xcdatamodeld */ = {
			isa = XCVersionGroup;
			children = (
				97086BF0293257B800E03D63 /* FruitDatabase.xcdatamodel */,
			);
			currentVersion = 97086BF0293257B800E03D63 /* FruitDatabase.xcdatamodel */;
			path = FruitDatabase.xcdatamodeld;
			sourceTree = "<group>";
			versionGroupType = wrapper.xcdatamodel;
		};
/* End XCVersionGroup section */
	};
	rootObject = 97CB2AD7292B825500CEE17C /* Project object */;
}
